
Microsoft Visual Studio Solution File, Format Version 12.00
# Visual Studio Version 17
VisualStudioVersion = 17.3.32929.385
MinimumVisualStudioVersion = 10.0.40219.1
Project("{FAE04EC0-301F-11D3-BF4B-00C04F79EFBC}") = "TestTask", "TestTask\TestTask.csproj", "{4610AE3F-206E-4980-892E-5E6B474CCB3A}"
EndProject
Global
	GlobalSection(SolutionConfigurationPlatforms) = preSolution
		Debug|Any CPU = Debug|Any CPU
		Release|Any CPU = Release|Any CPU
	EndGlobalSection
	GlobalSection(ProjectConfigurationPlatforms) = postSolution
		{4610AE3F-206E-4980-892E-5E6B474CCB3A}.Debug|Any CPU.ActiveCfg = Debug|Any CPU
		{4610AE3F-206E-4980-892E-5E6B474CCB3A}.Debug|Any CPU.Build.0 = Debug|Any CPU
		{4610AE3F-206E-4980-892E-5E6B474CCB3A}.Release|Any CPU.ActiveCfg = Release|Any CPU
		{4610AE3F-206E-4980-892E-5E6B474CCB3A}.Release|Any CPU.Build.0 = Release|Any CPU
	EndGlobalSection
	GlobalSection(SolutionProperties) = preSolution
		HideSolutionNode = FALSE
	EndGlobalSection
	GlobalSection(ExtensibilityGlobals) = postSolution
		SolutionGuid = {386658FF-334D-460E-AED1-2F623F523B71}
	EndGlobalSection
EndGlobal
